<?xml version="1.0" encoding="utf-8"?>
<Project ToolsVersion="14.0" xmlns="http://schemas.microsoft.com/developer/msbuild/2003">
  <ItemGroup>
    <Filter Include="Resource Files">
      <UniqueIdentifier>{67DA6AB6-F800-4c08-8B7A-83BB121AAD01}</UniqueIdentifier>
      <Extensions>rc;ico;cur;bmp;dlg;rc2;rct;bin;rgs;gif;jpg;jpeg;jpe;resx;tga;tiff;tif;png;wav;mfcribbon-ms</Extensions>
    </Filter>
    <Filter Include="PD_FILES">
      <UniqueIdentifier>{b600185f-7e25-4fa2-98d3-abe3efb34dd8}</UniqueIdentifier>
    </Filter>
    <Filter Include="PD_EXTRA_FILES">
      <UniqueIdentifier>{d3cdd78b-f365-4397-87fc-cbe4fd117585}</UniqueIdentifier>
    </Filter>
    <Filter Include="LIBPD_UTILS">
      <UniqueIdentifier>{3c364b16-4bdc-4556-adc1-d9d33c8b8898}</UniqueIdentifier>
    </Filter>
  </ItemGroup>
  <ItemGroup>
    <ClCompile Include="..\pure-data\src\d_arithmetic.c">
      <Filter>PD_FILES</Filter>
    </ClCompile>
    <ClCompile Include="..\pure-data\src\d_array.c">
      <Filter>PD_FILES</Filter>
    </ClCompile>
    <ClCompile Include="..\pure-data\src\d_ctl.c">
      <Filter>PD_FILES</Filter>
    </ClCompile>
    <ClCompile Include="..\pure-data\src\d_dac.c">
      <Filter>PD_FILES</Filter>
    </ClCompile>
    <ClCompile Include="..\pure-data\src\d_delay.c">
      <Filter>PD_FILES</Filter>
    </ClCompile>
    <ClCompile Include="..\pure-data\src\d_fft.c">
      <Filter>PD_FILES</Filter>
    </ClCompile>
    <ClCompile Include="..\pure-data\src\d_fft_fftsg.c">
      <Filter>PD_FILES</Filter>
    </ClCompile>
    <ClCompile Include="..\pure-data\src\d_filter.c">
      <Filter>PD_FILES</Filter>
    </ClCompile>
    <ClCompile Include="..\pure-data\src\d_global.c">
      <Filter>PD_FILES</Filter>
    </ClCompile>
    <ClCompile Include="..\pure-data\src\d_math.c">
      <Filter>PD_FILES</Filter>
    </ClCompile>
    <ClCompile Include="..\pure-data\src\d_misc.c">
      <Filter>PD_FILES</Filter>
    </ClCompile>
    <ClCompile Include="..\pure-data\src\d_osc.c">
      <Filter>PD_FILES</Filter>
    </ClCompile>
    <ClCompile Include="..\pure-data\src\d_resample.c">
      <Filter>PD_FILES</Filter>
    </ClCompile>
    <ClCompile Include="..\pure-data\src\d_soundfile.c">
      <Filter>PD_FILES</Filter>
    </ClCompile>
    <ClCompile Include="..\pure-data\src\d_ugen.c">
      <Filter>PD_FILES</Filter>
    </ClCompile>
    <ClCompile Include="..\pure-data\src\g_all_guis.c">
      <Filter>PD_FILES</Filter>
    </ClCompile>
    <ClCompile Include="..\pure-data\src\g_array.c">
      <Filter>PD_FILES</Filter>
    </ClCompile>
    <ClCompile Include="..\pure-data\src\g_bang.c">
      <Filter>PD_FILES</Filter>
    </ClCompile>
    <ClCompile Include="..\pure-data\src\g_canvas.c">
      <Filter>PD_FILES</Filter>
    </ClCompile>
    <ClCompile Include="..\pure-data\src\g_clone.c">
      <Filter>PD_FILES</Filter>
    </ClCompile>
    <ClCompile Include="..\pure-data\src\g_editor.c">
      <Filter>PD_FILES</Filter>
    </ClCompile>
    <ClCompile Include="..\pure-data\src\g_graph.c">
      <Filter>PD_FILES</Filter>
    </ClCompile>
    <ClCompile Include="..\pure-data\src\g_guiconnect.c">
      <Filter>PD_FILES</Filter>
    </ClCompile>
    <ClCompile Include="..\pure-data\src\g_hdial.c">
      <Filter>PD_FILES</Filter>
    </ClCompile>
    <ClCompile Include="..\pure-data\src\g_hslider.c">
      <Filter>PD_FILES</Filter>
    </ClCompile>
    <ClCompile Include="..\pure-data\src\g_io.c">
      <Filter>PD_FILES</Filter>
    </ClCompile>
    <ClCompile Include="..\pure-data\src\g_mycanvas.c">
      <Filter>PD_FILES</Filter>
    </ClCompile>
    <ClCompile Include="..\pure-data\src\g_numbox.c">
      <Filter>PD_FILES</Filter>
    </ClCompile>
    <ClCompile Include="..\pure-data\src\g_readwrite.c">
      <Filter>PD_FILES</Filter>
    </ClCompile>
    <ClCompile Include="..\pure-data\src\g_rtext.c">
      <Filter>PD_FILES</Filter>
    </ClCompile>
    <ClCompile Include="..\pure-data\src\g_scalar.c">
      <Filter>PD_FILES</Filter>
    </ClCompile>
    <ClCompile Include="..\pure-data\src\g_template.c">
      <Filter>PD_FILES</Filter>
    </ClCompile>
    <ClCompile Include="..\pure-data\src\g_text.c">
      <Filter>PD_FILES</Filter>
    </ClCompile>
    <ClCompile Include="..\pure-data\src\g_toggle.c">
      <Filter>PD_FILES</Filter>
    </ClCompile>
    <ClCompile Include="..\pure-data\src\g_traversal.c">
      <Filter>PD_FILES</Filter>
    </ClCompile>
    <ClCompile Include="..\pure-data\src\g_vdial.c">
      <Filter>PD_FILES</Filter>
    </ClCompile>
    <ClCompile Include="..\pure-data\src\g_vslider.c">
      <Filter>PD_FILES</Filter>
    </ClCompile>
    <ClCompile Include="..\pure-data\src\g_vumeter.c">
      <Filter>PD_FILES</Filter>
    </ClCompile>
    <ClCompile Include="..\pure-data\src\m_atom.c">
      <Filter>PD_FILES</Filter>
    </ClCompile>
    <ClCompile Include="..\pure-data\src\m_binbuf.c">
      <Filter>PD_FILES</Filter>
    </ClCompile>
    <ClCompile Include="..\pure-data\src\m_class.c">
      <Filter>PD_FILES</Filter>
    </ClCompile>
    <ClCompile Include="..\pure-data\src\m_conf.c">
      <Filter>PD_FILES</Filter>
    </ClCompile>
    <ClCompile Include="..\pure-data\src\m_glob.c">
      <Filter>PD_FILES</Filter>
    </ClCompile>
    <ClCompile Include="..\pure-data\src\m_memory.c">
      <Filter>PD_FILES</Filter>
    </ClCompile>
    <ClCompile Include="..\pure-data\src\m_obj.c">
      <Filter>PD_FILES</Filter>
    </ClCompile>
    <ClCompile Include="..\pure-data\src\m_pd.c">
      <Filter>PD_FILES</Filter>
    </ClCompile>
    <ClCompile Include="..\pure-data\src\m_sched.c">
      <Filter>PD_FILES</Filter>
    </ClCompile>
    <ClCompile Include="..\pure-data\src\s_audio.c">
      <Filter>PD_FILES</Filter>
    </ClCompile>
    <ClCompile Include="..\pure-data\src\s_file.c">
      <Filter>PD_FILES</Filter>
    </ClCompile>
    <ClCompile Include="..\pure-data\src\s_inter.c">
      <Filter>PD_FILES</Filter>
    </ClCompile>
    <ClCompile Include="..\pure-data\src\s_loader.c">
      <Filter>PD_FILES</Filter>
    </ClCompile>
    <ClCompile Include="..\pure-data\src\s_main.c">
      <Filter>PD_FILES</Filter>
    </ClCompile>
    <ClCompile Include="..\pure-data\src\s_path.c">
      <Filter>PD_FILES</Filter>
    </ClCompile>
    <ClCompile Include="..\pure-data\src\s_print.c">
      <Filter>PD_FILES</Filter>
    </ClCompile>
    <ClCompile Include="..\pure-data\src\s_utf8.c">
      <Filter>PD_FILES</Filter>
    </ClCompile>
    <ClCompile Include="..\pure-data\src\x_acoustics.c">
      <Filter>PD_FILES</Filter>
    </ClCompile>
    <ClCompile Include="..\pure-data\src\x_arithmetic.c">
      <Filter>PD_FILES</Filter>
    </ClCompile>
    <ClCompile Include="..\pure-data\src\x_array.c">
      <Filter>PD_FILES</Filter>
    </ClCompile>
    <ClCompile Include="..\pure-data\src\x_connective.c">
      <Filter>PD_FILES</Filter>
    </ClCompile>
    <ClCompile Include="..\pure-data\src\x_gui.c">
      <Filter>PD_FILES</Filter>
    </ClCompile>
    <ClCompile Include="..\pure-data\src\x_interface.c">
      <Filter>PD_FILES</Filter>
    </ClCompile>
    <ClCompile Include="..\pure-data\src\x_list.c">
      <Filter>PD_FILES</Filter>
    </ClCompile>
    <ClCompile Include="..\pure-data\src\x_midi.c">
      <Filter>PD_FILES</Filter>
    </ClCompile>
    <ClCompile Include="..\pure-data\src\x_misc.c">
      <Filter>PD_FILES</Filter>
    </ClCompile>
    <ClCompile Include="..\pure-data\src\x_net.c">
      <Filter>PD_FILES</Filter>
    </ClCompile>
    <ClCompile Include="..\pure-data\src\x_scalar.c">
      <Filter>PD_FILES</Filter>
    </ClCompile>
    <ClCompile Include="..\pure-data\src\x_text.c">
      <Filter>PD_FILES</Filter>
    </ClCompile>
    <ClCompile Include="..\pure-data\src\x_time.c">
      <Filter>PD_FILES</Filter>
    </ClCompile>
    <ClCompile Include="..\pure-data\src\x_vexp.c">
      <Filter>PD_FILES</Filter>
    </ClCompile>
    <ClCompile Include="..\pure-data\src\x_vexp_fun.c">
      <Filter>PD_FILES</Filter>
    </ClCompile>
    <ClCompile Include="..\pure-data\src\x_vexp_if.c">
      <Filter>PD_FILES</Filter>
    </ClCompile>
    <ClCompile Include="..\libpd_wrapper\s_libpdmidi.c">
      <Filter>PD_FILES</Filter>
    </ClCompile>
    <ClCompile Include="..\libpd_wrapper\x_libpdreceive.c">
      <Filter>PD_FILES</Filter>
    </ClCompile>
    <ClCompile Include="..\libpd_wrapper\z_hooks.c">
      <Filter>PD_FILES</Filter>
    </ClCompile>
    <ClCompile Include="..\libpd_wrapper\z_libpd.c">
      <Filter>PD_FILES</Filter>
    </ClCompile>
    <ClCompile Include="..\pure-data\extra\bob~\bob~.c">
      <Filter>PD_EXTRA_FILES</Filter>
    </ClCompile>
    <ClCompile Include="..\pure-data\extra\bonk~\bonk~.c">
      <Filter>PD_EXTRA_FILES</Filter>
    </ClCompile>
    <ClCompile Include="..\pure-data\extra\choice\choice.c">
      <Filter>PD_EXTRA_FILES</Filter>
    </ClCompile>
    <ClCompile Include="..\pure-data\extra\fiddle~\fiddle~.c">
      <Filter>PD_EXTRA_FILES</Filter>
    </ClCompile>
    <ClCompile Include="..\pure-data\extra\loop~\loop~.c">
      <Filter>PD_EXTRA_FILES</Filter>
    </ClCompile>
    <ClCompile Include="..\pure-data\extra\lrshift~\lrshift~.c">
      <Filter>PD_EXTRA_FILES</Filter>
    </ClCompile>
    <ClCompile Include="..\pure-data\extra\pique\pique.c">
      <Filter>PD_EXTRA_FILES</Filter>
    </ClCompile>
    <ClCompile Include="..\pure-data\extra\sigmund~\sigmund~.c">
      <Filter>PD_EXTRA_FILES</Filter>
    </ClCompile>
    <ClCompile Include="..\pure-data\extra\stdout\stdout.c">
      <Filter>PD_EXTRA_FILES</Filter>
    </ClCompile>
    <ClCompile Include="..\libpd_wrapper\util\ringbuffer.c">
      <Filter>LIBPD_UTILS</Filter>
    </ClCompile>
    <ClCompile Include="..\libpd_wrapper\util\z_print_util.c">
      <Filter>LIBPD_UTILS</Filter>
    </ClCompile>
    <ClCompile Include="..\libpd_wrapper\util\z_queued.c">
      <Filter>LIBPD_UTILS</Filter>
    </ClCompile>
    <ClCompile Include="..\pure-data\src\s_audio_dummy.c">
      <Filter>PD_FILES</Filter>
    </ClCompile>
  </ItemGroup>
  <ItemGroup>
    <ClInclude Include="..\libpd_wrapper\util\z_queued.h">
      <Filter>LIBPD_UTILS</Filter>
    </ClInclude>
  </ItemGroup>
</Project>